<?xml version="1.0" encoding="utf-8"?>
<Project ToolsVersion="4.0" xmlns="http://schemas.microsoft.com/developer/msbuild/2003">
  <ItemGroup>
    <Filter Include="Source Files">
      <UniqueIdentifier>{8ceb4d4d-fd30-456b-b2fe-0a4b6344946c}</UniqueIdentifier>
      <Extensions>cpp;c;cxx;rc;def;r;odl;idl;hpj;bat</Extensions>
    </Filter>
    <Filter Include="Header Files">
      <UniqueIdentifier>{7cbca8a7-1e22-4709-a95c-89aafdb423a3}</UniqueIdentifier>
      <Extensions>h;hpp;hxx;hm;inl</Extensions>
    </Filter>
    <Filter Include="Resource Files">
      <UniqueIdentifier>{5030721a-f99a-4e92-8b81-69f8f31ab7c4}</UniqueIdentifier>
      <Extensions>ico;cur;bmp;dlg;rc2;rct;bin;rgs;gif;jpg;jpeg;jpe</Extensions>
    </Filter>
  </ItemGroup>
  <ItemGroup>
    <ClCompile Include="andor.cpp">
      <Filter>Source Files</Filter>
    </ClCompile>
    <ClCompile Include="andorServer.cpp">
      <Filter>Source Files</Filter>
    </ClCompile>
    <ClCompile Include="andorServerDlg.cpp">
      <Filter>Source Files</Filter>
    </ClCompile>
    <ClCompile Include="ClientSocketUser.cpp">
      <Filter>Source Files</Filter>
    </ClCompile>
    <ClCompile Include="clntsock.cpp">
      <Filter>Source Files</Filter>
    </ClCompile>
    <ClCompile Include="lstnsock.cpp">
      <Filter>Source Files</Filter>
    </ClCompile>
    <ClCompile Include="NetworkServer.cpp">
      <Filter>Source Files</Filter>
    </ClCompile>
    <ClCompile Include="StdAfx.cpp">
      <Filter>Source Files</Filter>
    </ClCompile>
    <ClCompile Include="TCPIPServer.cpp">
      <Filter>Source Files</Filter>
    </ClCompile>
  </ItemGroup>
  <ItemGroup>
    <ResourceCompile Include="AndorServer.rc">
      <Filter>Source Files</Filter>
    </ResourceCompile>
  </ItemGroup>
  <ItemGroup>
    <ClInclude Include="andor.h">
      <Filter>Header Files</Filter>
    </ClInclude>
    <ClInclude Include="andorServer.h">
      <Filter>Header Files</Filter>
    </ClInclude>
    <ClInclude Include="andorServerDlg.h">
      <Filter>Header Files</Filter>
    </ClInclude>
    <ClInclude Include="Atmcd32d.h">
      <Filter>Header Files</Filter>
    </ClInclude>
    <ClInclude Include="ClientSocketUser.h">
      <Filter>Header Files</Filter>
    </ClInclude>
    <ClInclude Include="clntsock.h">
      <Filter>Header Files</Filter>
    </ClInclude>
    <ClInclude Include="lstnsock.h">
      <Filter>Header Files</Filter>
    </ClInclude>
    <ClInclude Include="NetworkServer.h">
      <Filter>Header Files</Filter>
    </ClInclude>
    <ClInclude Include="Resource.h">
      <Filter>Header Files</Filter>
    </ClInclude>
    <ClInclude Include="StdAfx.h">
      <Filter>Header Files</Filter>
    </ClInclude>
    <ClInclude Include="TCPIPServer.h">
      <Filter>Header Files</Filter>
    </ClInclude>
  </ItemGroup>
  <ItemGroup>
    <None Include="res\AndorServer.ico">
      <Filter>Resource Files</Filter>
    </None>
    <None Include="res\ApogeeServer.ico">
      <Filter>Resource Files</Filter>
    </None>
    <None Include="res\ApogeeServer.rc2">
      <Filter>Resource Files</Filter>
    </None>
    <None Include="Manual\andorServerManual.Tex" />
  </ItemGroup>
  <ItemGroup>
    <Library Include="Atmcd32m.lib" />
  </ItemGroup>
</Project>